
Microsoft Visual Studio Solution File, Format Version 12.00
Project("{FAE04EC0-301F-11D3-BF4B-00C04F79EFBC}") = "IdentityCore", "IdentityCore\IdentityCore.csproj", "{7970199E-E515-4C54-AEB4-8C45D38F8A88}"
EndProject
Project("{FAE04EC0-301F-11D3-BF4B-00C04F79EFBC}") = "Helpers", "Helpers\Helpers.csproj", "{6D1ABC6A-2454-4A3A-925D-AF9418496E02}"
EndProject
Project("{FAE04EC0-301F-11D3-BF4B-00C04F79EFBC}") = "IdentityCore.DAL.PostgreSQL", "IdentityCore.DAL.PostgreSQL\IdentityCore.DAL.PostgreSQL.csproj", "{974729CE-CC94-4D7C-9213-755AE212030C}"
EndProject
Project("{FAE04EC0-301F-11D3-BF4B-00C04F79EFBC}") = "IdentityCore.Tests", "IdentityCore.Tests\IdentityCore.Tests.csproj", "{0E1F401B-6E94-4DBB-AD3D-2CBE84DF8199}"
EndProject
Project("{FAE04EC0-301F-11D3-BF4B-00C04F79EFBC}") = "RabbitMQ.Messaging", "RabbitMQ.Messaging\RabbitMQ.Messaging.csproj", "{F9032669-6380-4942-9F3E-7A623D232F73}"
EndProject
Global
	GlobalSection(SolutionConfigurationPlatforms) = preSolution
		Debug|Any CPU = Debug|Any CPU
		Release|Any CPU = Release|Any CPU
	EndGlobalSection
	GlobalSection(ProjectConfigurationPlatforms) = postSolution
		{7970199E-E515-4C54-AEB4-8C45D38F8A88}.Debug|Any CPU.ActiveCfg = Debug|Any CPU
		{7970199E-E515-4C54-AEB4-8C45D38F8A88}.Debug|Any CPU.Build.0 = Debug|Any CPU
		{7970199E-E515-4C54-AEB4-8C45D38F8A88}.Release|Any CPU.ActiveCfg = Release|Any CPU
		{7970199E-E515-4C54-AEB4-8C45D38F8A88}.Release|Any CPU.Build.0 = Release|Any CPU
		{6D1ABC6A-2454-4A3A-925D-AF9418496E02}.Debug|Any CPU.ActiveCfg = Debug|Any CPU
		{6D1ABC6A-2454-4A3A-925D-AF9418496E02}.Debug|Any CPU.Build.0 = Debug|Any CPU
		{6D1ABC6A-2454-4A3A-925D-AF9418496E02}.Release|Any CPU.ActiveCfg = Release|Any CPU
		{6D1ABC6A-2454-4A3A-925D-AF9418496E02}.Release|Any CPU.Build.0 = Release|Any CPU
		{974729CE-CC94-4D7C-9213-755AE212030C}.Debug|Any CPU.ActiveCfg = Debug|Any CPU
		{974729CE-CC94-4D7C-9213-755AE212030C}.Debug|Any CPU.Build.0 = Debug|Any CPU
		{974729CE-CC94-4D7C-9213-755AE212030C}.Release|Any CPU.ActiveCfg = Release|Any CPU
		{974729CE-CC94-4D7C-9213-755AE212030C}.Release|Any CPU.Build.0 = Release|Any CPU
		{0E1F401B-6E94-4DBB-AD3D-2CBE84DF8199}.Debug|Any CPU.ActiveCfg = Debug|Any CPU
		{0E1F401B-6E94-4DBB-AD3D-2CBE84DF8199}.Debug|Any CPU.Build.0 = Debug|Any CPU
		{0E1F401B-6E94-4DBB-AD3D-2CBE84DF8199}.Release|Any CPU.ActiveCfg = Release|Any CPU
		{0E1F401B-6E94-4DBB-AD3D-2CBE84DF8199}.Release|Any CPU.Build.0 = Release|Any CPU
		{F9032669-6380-4942-9F3E-7A623D232F73}.Debug|Any CPU.ActiveCfg = Debug|Any CPU
		{F9032669-6380-4942-9F3E-7A623D232F73}.Debug|Any CPU.Build.0 = Debug|Any CPU
		{F9032669-6380-4942-9F3E-7A623D232F73}.Release|Any CPU.ActiveCfg = Release|Any CPU
		{F9032669-6380-4942-9F3E-7A623D232F73}.Release|Any CPU.Build.0 = Release|Any CPU
	EndGlobalSection
	GlobalSection(NestedProjects) = preSolution
	EndGlobalSection
EndGlobal
